// !$*UTF8*$!
{
	archiveVersion = 1;
	classes = {
	};
	objectVersion = 56;
	objects = {

/* Begin PBXBuildFile section */
		FA10114E2C61849700D1F3C7 /* BasketAppApp.swift in Sources */ = {isa = PBXBuildFile; fileRef = FA10114D2C61849700D1F3C7 /* BasketAppApp.swift */; };
		FA1011522C61849900D1F3C7 /* Assets.xcassets in Resources */ = {isa = PBXBuildFile; fileRef = FA1011512C61849900D1F3C7 /* Assets.xcassets */; };
		FA1011552C61849900D1F3C7 /* Preview Assets.xcassets in Resources */ = {isa = PBXBuildFile; fileRef = FA1011542C61849900D1F3C7 /* Preview Assets.xcassets */; };
		FACFFE892C79204C004DB95E /* Basket.h in Headers */ = {isa = PBXBuildFile; fileRef = FACFFE882C79204C004DB95E /* Basket.h */; settings = {ATTRIBUTES = (Public, ); }; };
		FACFFE8C2C79204C004DB95E /* Basket.framework in Frameworks */ = {isa = PBXBuildFile; fileRef = FACFFE862C79204C004DB95E /* Basket.framework */; };
		FACFFE8D2C79204C004DB95E /* Basket.framework in Embed Frameworks */ = {isa = PBXBuildFile; fileRef = FACFFE862C79204C004DB95E /* Basket.framework */; settings = {ATTRIBUTES = (CodeSignOnCopy, RemoveHeadersOnCopy, ); }; };
		FACFFEC22C792197004DB95E /* AssetKit.framework in Frameworks */ = {isa = PBXBuildFile; fileRef = FACFFEC12C792197004DB95E /* AssetKit.framework */; };
		FACFFEC32C792197004DB95E /* AssetKit.framework in Embed Frameworks */ = {isa = PBXBuildFile; fileRef = FACFFEC12C792197004DB95E /* AssetKit.framework */; settings = {ATTRIBUTES = (CodeSignOnCopy, RemoveHeadersOnCopy, ); }; };
		FACFFEC62C7921A1004DB95E /* Core.framework in Frameworks */ = {isa = PBXBuildFile; fileRef = FACFFEC52C7921A1004DB95E /* Core.framework */; };
		FACFFEC72C7921A1004DB95E /* Core.framework in Embed Frameworks */ = {isa = PBXBuildFile; fileRef = FACFFEC52C7921A1004DB95E /* Core.framework */; settings = {ATTRIBUTES = (CodeSignOnCopy, RemoveHeadersOnCopy, ); }; };
		FACFFEC92C7921A7004DB95E /* NetworkManager.framework in Frameworks */ = {isa = PBXBuildFile; fileRef = FACFFEC82C7921A7004DB95E /* NetworkManager.framework */; };
		FACFFECA2C7921A7004DB95E /* NetworkManager.framework in Embed Frameworks */ = {isa = PBXBuildFile; fileRef = FACFFEC82C7921A7004DB95E /* NetworkManager.framework */; settings = {ATTRIBUTES = (CodeSignOnCopy, RemoveHeadersOnCopy, ); }; };
		FACFFF092C792396004DB95E /* BasketView.swift in Sources */ = {isa = PBXBuildFile; fileRef = FACFFF082C792396004DB95E /* BasketView.swift */; };
		FACFFF0B2C7923A6004DB95E /* BasketViewModel.swift in Sources */ = {isa = PBXBuildFile; fileRef = FACFFF0A2C7923A6004DB95E /* BasketViewModel.swift */; };
/* End PBXBuildFile section */

/* Begin PBXContainerItemProxy section */
		FACFFE8A2C79204C004DB95E /* PBXContainerItemProxy */ = {
			isa = PBXContainerItemProxy;
			containerPortal = FA1011422C61849700D1F3C7 /* Project object */;
			proxyType = 1;
			remoteGlobalIDString = FACFFE852C79204C004DB95E;
			remoteInfo = Basket;
		};
/* End PBXContainerItemProxy section */

/* Begin PBXCopyFilesBuildPhase section */
		FACFFE8E2C79204C004DB95E /* Embed Frameworks */ = {
			isa = PBXCopyFilesBuildPhase;
			buildActionMask = 2147483647;
			dstPath = "";
			dstSubfolderSpec = 10;
			files = (
				FACFFE8D2C79204C004DB95E /* Basket.framework in Embed Frameworks */,
			);
			name = "Embed Frameworks";
			runOnlyForDeploymentPostprocessing = 0;
		};
		FACFFEC42C792197004DB95E /* Embed Frameworks */ = {
			isa = PBXCopyFilesBuildPhase;
			buildActionMask = 2147483647;
			dstPath = "";
			dstSubfolderSpec = 10;
			files = (
				FACFFECA2C7921A7004DB95E /* NetworkManager.framework in Embed Frameworks */,
				FACFFEC32C792197004DB95E /* AssetKit.framework in Embed Frameworks */,
				FACFFEC72C7921A1004DB95E /* Core.framework in Embed Frameworks */,
			);
			name = "Embed Frameworks";
			runOnlyForDeploymentPostprocessing = 0;
		};
/* End PBXCopyFilesBuildPhase section */

/* Begin PBXFileReference section */
		FA10114A2C61849700D1F3C7 /* BasketApp.app */ = {isa = PBXFileReference; explicitFileType = wrapper.application; includeInIndex = 0; path = BasketApp.app; sourceTree = BUILT_PRODUCTS_DIR; };
		FA10114D2C61849700D1F3C7 /* BasketAppApp.swift */ = {isa = PBXFileReference; lastKnownFileType = sourcecode.swift; path = BasketAppApp.swift; sourceTree = "<group>"; };
		FA1011512C61849900D1F3C7 /* Assets.xcassets */ = {isa = PBXFileReference; lastKnownFileType = folder.assetcatalog; path = Assets.xcassets; sourceTree = "<group>"; };
		FA1011542C61849900D1F3C7 /* Preview Assets.xcassets */ = {isa = PBXFileReference; lastKnownFileType = folder.assetcatalog; path = "Preview Assets.xcassets"; sourceTree = "<group>"; };
		FACFFE862C79204C004DB95E /* Basket.framework */ = {isa = PBXFileReference; explicitFileType = wrapper.framework; includeInIndex = 0; path = Basket.framework; sourceTree = BUILT_PRODUCTS_DIR; };
		FACFFE882C79204C004DB95E /* Basket.h */ = {isa = PBXFileReference; lastKnownFileType = sourcecode.c.h; path = Basket.h; sourceTree = "<group>"; };
		FACFFEC12C792197004DB95E /* AssetKit.framework */ = {isa = PBXFileReference; explicitFileType = wrapper.framework; path = AssetKit.framework; sourceTree = BUILT_PRODUCTS_DIR; };
		FACFFEC52C7921A1004DB95E /* Core.framework */ = {isa = PBXFileReference; explicitFileType = wrapper.framework; path = Core.framework; sourceTree = BUILT_PRODUCTS_DIR; };
		FACFFEC82C7921A7004DB95E /* NetworkManager.framework */ = {isa = PBXFileReference; explicitFileType = wrapper.framework; path = NetworkManager.framework; sourceTree = BUILT_PRODUCTS_DIR; };
		FACFFF082C792396004DB95E /* BasketView.swift */ = {isa = PBXFileReference; lastKnownFileType = sourcecode.swift; path = BasketView.swift; sourceTree = "<group>"; };
		FACFFF0A2C7923A6004DB95E /* BasketViewModel.swift */ = {isa = PBXFileReference; lastKnownFileType = sourcecode.swift; path = BasketViewModel.swift; sourceTree = "<group>"; };
/* End PBXFileReference section */

/* Begin PBXFrameworksBuildPhase section */
		FA1011472C61849700D1F3C7 /* Frameworks */ = {
			isa = PBXFrameworksBuildPhase;
			buildActionMask = 2147483647;
			files = (
				FACFFE8C2C79204C004DB95E /* Basket.framework in Frameworks */,
			);
			runOnlyForDeploymentPostprocessing = 0;
		};
		FACFFE832C79204C004DB95E /* Frameworks */ = {
			isa = PBXFrameworksBuildPhase;
			buildActionMask = 2147483647;
			files = (
				FACFFEC92C7921A7004DB95E /* NetworkManager.framework in Frameworks */,
				FACFFEC22C792197004DB95E /* AssetKit.framework in Frameworks */,
				FACFFEC62C7921A1004DB95E /* Core.framework in Frameworks */,
			);
			runOnlyForDeploymentPostprocessing = 0;
		};
/* End PBXFrameworksBuildPhase section */

/* Begin PBXGroup section */
		FA1011412C61849700D1F3C7 = {
			isa = PBXGroup;
			children = (
				FA10114C2C61849700D1F3C7 /* BasketApp */,
				FACFFE872C79204C004DB95E /* Basket */,
				FA10114B2C61849700D1F3C7 /* Products */,
				FACFFEC02C792197004DB95E /* Frameworks */,
			);
			sourceTree = "<group>";
		};
		FA10114B2C61849700D1F3C7 /* Products */ = {
			isa = PBXGroup;
			children = (
				FA10114A2C61849700D1F3C7 /* BasketApp.app */,
				FACFFE862C79204C004DB95E /* Basket.framework */,
			);
			name = Products;
			sourceTree = "<group>";
		};
		FA10114C2C61849700D1F3C7 /* BasketApp */ = {
			isa = PBXGroup;
			children = (
				FA10114D2C61849700D1F3C7 /* BasketAppApp.swift */,
				FA1011512C61849900D1F3C7 /* Assets.xcassets */,
				FA1011532C61849900D1F3C7 /* Preview Content */,
			);
			path = BasketApp;
			sourceTree = "<group>";
		};
		FA1011532C61849900D1F3C7 /* Preview Content */ = {
			isa = PBXGroup;
			children = (
				FA1011542C61849900D1F3C7 /* Preview Assets.xcassets */,
			);
			path = "Preview Content";
			sourceTree = "<group>";
		};
		FACFFE872C79204C004DB95E /* Basket */ = {
			isa = PBXGroup;
			children = (
				FACFFE882C79204C004DB95E /* Basket.h */,
				FACFFF082C792396004DB95E /* BasketView.swift */,
				FACFFF0A2C7923A6004DB95E /* BasketViewModel.swift */,
			);
			path = Basket;
			sourceTree = "<group>";
		};
		FACFFEC02C792197004DB95E /* Frameworks */ = {
			isa = PBXGroup;
			children = (
				FACFFEC82C7921A7004DB95E /* NetworkManager.framework */,
				FACFFEC52C7921A1004DB95E /* Core.framework */,
				FACFFEC12C792197004DB95E /* AssetKit.framework */,
			);
			name = Frameworks;
			sourceTree = "<group>";
		};
/* End PBXGroup section */

/* Begin PBXHeadersBuildPhase section */
		FACFFE812C79204C004DB95E /* Headers */ = {
			isa = PBXHeadersBuildPhase;
			buildActionMask = 2147483647;
			files = (
				FACFFE892C79204C004DB95E /* Basket.h in Headers */,
			);
			runOnlyForDeploymentPostprocessing = 0;
		};
/* End PBXHeadersBuildPhase section */

/* Begin PBXNativeTarget section */
		FA1011492C61849700D1F3C7 /* BasketApp */ = {
			isa = PBXNativeTarget;
			buildConfigurationList = FA1011582C61849900D1F3C7 /* Build configuration list for PBXNativeTarget "BasketApp" */;
			buildPhases = (
				FA1011462C61849700D1F3C7 /* Sources */,
				FA1011472C61849700D1F3C7 /* Frameworks */,
				FA1011482C61849700D1F3C7 /* Resources */,
				FACFFE8E2C79204C004DB95E /* Embed Frameworks */,
			);
			buildRules = (
			);
			dependencies = (
				FACFFE8B2C79204C004DB95E /* PBXTargetDependency */,
			);
			name = BasketApp;
			productName = BasketApp;
			productReference = FA10114A2C61849700D1F3C7 /* BasketApp.app */;
			productType = "com.apple.product-type.application";
		};
		FACFFE852C79204C004DB95E /* Basket */ = {
			isa = PBXNativeTarget;
			buildConfigurationList = FACFFE912C79204C004DB95E /* Build configuration list for PBXNativeTarget "Basket" */;
			buildPhases = (
				FACFFE812C79204C004DB95E /* Headers */,
				FACFFE822C79204C004DB95E /* Sources */,
				FACFFE832C79204C004DB95E /* Frameworks */,
				FACFFE842C79204C004DB95E /* Resources */,
				FACFFEC42C792197004DB95E /* Embed Frameworks */,
			);
			buildRules = (
			);
			dependencies = (
			);
			name = Basket;
			productName = Basket;
			productReference = FACFFE862C79204C004DB95E /* Basket.framework */;
			productType = "com.apple.product-type.framework";
		};
/* End PBXNativeTarget section */

/* Begin PBXProject section */
		FA1011422C61849700D1F3C7 /* Project object */ = {
			isa = PBXProject;
			attributes = {
				BuildIndependentTargetsInParallel = 1;
				LastSwiftUpdateCheck = 1540;
				LastUpgradeCheck = 1540;
				TargetAttributes = {
					FA1011492C61849700D1F3C7 = {
						CreatedOnToolsVersion = 15.4;
					};
					FACFFE852C79204C004DB95E = {
						CreatedOnToolsVersion = 15.4;
						LastSwiftMigration = 1540;
					};
				};
			};
			buildConfigurationList = FA1011452C61849700D1F3C7 /* Build configuration list for PBXProject "BasketApp" */;
			compatibilityVersion = "Xcode 14.0";
			developmentRegion = en;
			hasScannedForEncodings = 0;
			knownRegions = (
				en,
				Base,
			);
			mainGroup = FA1011412C61849700D1F3C7;
			productRefGroup = FA10114B2C61849700D1F3C7 /* Products */;
			projectDirPath = "";
			projectRoot = "";
			targets = (
				FA1011492C61849700D1F3C7 /* BasketApp */,
				FACFFE852C79204C004DB95E /* Basket */,
			);
		};
/* End PBXProject section */

/* Begin PBXResourcesBuildPhase section */
		FA1011482C61849700D1F3C7 /* Resources */ = {
			isa = PBXResourcesBuildPhase;
			buildActionMask = 2147483647;
			files = (
				FA1011552C61849900D1F3C7 /* Preview Assets.xcassets in Resources */,
				FA1011522C61849900D1F3C7 /* Assets.xcassets in Resources */,
			);
			runOnlyForDeploymentPostprocessing = 0;
		};
		FACFFE842C79204C004DB95E /* Resources */ = {
			isa = PBXResourcesBuildPhase;
			buildActionMask = 2147483647;
			files = (
			);
			runOnlyForDeploymentPostprocessing = 0;
		};
/* End PBXResourcesBuildPhase section */

/* Begin PBXSourcesBuildPhase section */
		FA1011462C61849700D1F3C7 /* Sources */ = {
			isa = PBXSourcesBuildPhase;
			buildActionMask = 2147483647;
			files = (
				FA10114E2C61849700D1F3C7 /* BasketAppApp.swift in Sources */,
			);
			runOnlyForDeploymentPostprocessing = 0;
		};
		FACFFE822C79204C004DB95E /* Sources */ = {
			isa = PBXSourcesBuildPhase;
			buildActionMask = 2147483647;
			files = (
				FACFFF0B2C7923A6004DB95E /* BasketViewModel.swift in Sources */,
				FACFFF092C792396004DB95E /* BasketView.swift in Sources */,
			);
			runOnlyForDeploymentPostprocessing = 0;
		};
/* End PBXSourcesBuildPhase section */

/* Begin PBXTargetDependency section */
		FACFFE8B2C79204C004DB95E /* PBXTargetDependency */ = {
			isa = PBXTargetDependency;
			target = FACFFE852C79204C004DB95E /* Basket */;
			targetProxy = FACFFE8A2C79204C004DB95E /* PBXContainerItemProxy */;
		};
/* End PBXTargetDependency section */

/* Begin XCBuildConfiguration section */
		FA1011562C61849900D1F3C7 /* Debug */ = {
			isa = XCBuildConfiguration;
			buildSettings = {
				ALWAYS_SEARCH_USER_PATHS = NO;
				ASSETCATALOG_COMPILER_GENERATE_SWIFT_ASSET_SYMBOL_EXTENSIONS = YES;
				CLANG_ANALYZER_NONNULL = YES;
				CLANG_ANALYZER_NUMBER_OBJECT_CONVERSION = YES_AGGRESSIVE;
				CLANG_CXX_LANGUAGE_STANDARD = "gnu++20";
				CLANG_ENABLE_MODULES = YES;
				CLANG_ENABLE_OBJC_ARC = YES;
				CLANG_ENABLE_OBJC_WEAK = YES;
				CLANG_WARN_BLOCK_CAPTURE_AUTORELEASING = YES;
				CLANG_WARN_BOOL_CONVERSION = YES;
				CLANG_WARN_COMMA = YES;
				CLANG_WARN_CONSTANT_CONVERSION = YES;
				CLANG_WARN_DEPRECATED_OBJC_IMPLEMENTATIONS = YES;
				CLANG_WARN_DIRECT_OBJC_ISA_USAGE = YES_ERROR;
				CLANG_WARN_DOCUMENTATION_COMMENTS = YES;
				CLANG_WARN_EMPTY_BODY = YES;
				CLANG_WARN_ENUM_CONVERSION = YES;
				CLANG_WARN_INFINITE_RECURSION = YES;
				CLANG_WARN_INT_CONVERSION = YES;
				CLANG_WARN_NON_LITERAL_NULL_CONVERSION = YES;
				CLANG_WARN_OBJC_IMPLICIT_RETAIN_SELF = YES;
				CLANG_WARN_OBJC_LITERAL_CONVERSION = YES;
				CLANG_WARN_OBJC_ROOT_CLASS = YES_ERROR;
				CLANG_WARN_QUOTED_INCLUDE_IN_FRAMEWORK_HEADER = YES;
				CLANG_WARN_RANGE_LOOP_ANALYSIS = YES;
				CLANG_WARN_STRICT_PROTOTYPES = YES;
				CLANG_WARN_SUSPICIOUS_MOVE = YES;
				CLANG_WARN_UNGUARDED_AVAILABILITY = YES_AGGRESSIVE;
				CLANG_WARN_UNREACHABLE_CODE = YES;
				CLANG_WARN__DUPLICATE_METHOD_MATCH = YES;
				COPY_PHASE_STRIP = NO;
				DEBUG_INFORMATION_FORMAT = dwarf;
				ENABLE_STRICT_OBJC_MSGSEND = YES;
				ENABLE_TESTABILITY = YES;
				ENABLE_USER_SCRIPT_SANDBOXING = YES;
				GCC_C_LANGUAGE_STANDARD = gnu17;
				GCC_DYNAMIC_NO_PIC = NO;
				GCC_NO_COMMON_BLOCKS = YES;
				GCC_OPTIMIZATION_LEVEL = 0;
				GCC_PREPROCESSOR_DEFINITIONS = (
					"DEBUG=1",
					"$(inherited)",
				);
				GCC_WARN_64_TO_32_BIT_CONVERSION = YES;
				GCC_WARN_ABOUT_RETURN_TYPE = YES_ERROR;
				GCC_WARN_UNDECLARED_SELECTOR = YES;
				GCC_WARN_UNINITIALIZED_AUTOS = YES_AGGRESSIVE;
				GCC_WARN_UNUSED_FUNCTION = YES;
				GCC_WARN_UNUSED_VARIABLE = YES;
				IPHONEOS_DEPLOYMENT_TARGET = 17.5;
				LOCALIZATION_PREFERS_STRING_CATALOGS = YES;
				MTL_ENABLE_DEBUG_INFO = INCLUDE_SOURCE;
				MTL_FAST_MATH = YES;
				ONLY_ACTIVE_ARCH = YES;
				SDKROOT = iphoneos;
				SWIFT_ACTIVE_COMPILATION_CONDITIONS = "DEBUG $(inherited)";
				SWIFT_OPTIMIZATION_LEVEL = "-Onone";
			};
			name = Debug;
		};
		FA1011572C61849900D1F3C7 /* Release */ = {
			isa = XCBuildConfiguration;
			buildSettings = {
				ALWAYS_SEARCH_USER_PATHS = NO;
				ASSETCATALOG_COMPILER_GENERATE_SWIFT_ASSET_SYMBOL_EXTENSIONS = YES;
				CLANG_ANALYZER_NONNULL = YES;
				CLANG_ANALYZER_NUMBER_OBJECT_CONVERSION = YES_AGGRESSIVE;
				CLANG_CXX_LANGUAGE_STANDARD = "gnu++20";
				CLANG_ENABLE_MODULES = YES;
				CLANG_ENABLE_OBJC_ARC = YES;
				CLANG_ENABLE_OBJC_WEAK = YES;
				CLANG_WARN_BLOCK_CAPTURE_AUTORELEASING = YES;
				CLANG_WARN_BOOL_CONVERSION = YES;
				CLANG_WARN_COMMA = YES;
				CLANG_WARN_CONSTANT_CONVERSION = YES;
				CLANG_WARN_DEPRECATED_OBJC_IMPLEMENTATIONS = YES;
				CLANG_WARN_DIRECT_OBJC_ISA_USAGE = YES_ERROR;
				CLANG_WARN_DOCUMENTATION_COMMENTS = YES;
				CLANG_WARN_EMPTY_BODY = YES;
				CLANG_WARN_ENUM_CONVERSION = YES;
				CLANG_WARN_INFINITE_RECURSION = YES;
				CLANG_WARN_INT_CONVERSION = YES;
				CLANG_WARN_NON_LITERAL_NULL_CONVERSION = YES;
				CLANG_WARN_OBJC_IMPLICIT_RETAIN_SELF = YES;
				CLANG_WARN_OBJC_LITERAL_CONVERSION = YES;
				CLANG_WARN_OBJC_ROOT_CLASS = YES_ERROR;
				CLANG_WARN_QUOTED_INCLUDE_IN_FRAMEWORK_HEADER = YES;
				CLANG_WARN_RANGE_LOOP_ANALYSIS = YES;
				CLANG_WARN_STRICT_PROTOTYPES = YES;
				CLANG_WARN_SUSPICIOUS_MOVE = YES;
				CLANG_WARN_UNGUARDED_AVAILABILITY = YES_AGGRESSIVE;
				CLANG_WARN_UNREACHABLE_CODE = YES;
				CLANG_WARN__DUPLICATE_METHOD_MATCH = YES;
				COPY_PHASE_STRIP = NO;
				DEBUG_INFORMATION_FORMAT = "dwarf-with-dsym";
				ENABLE_NS_ASSERTIONS = NO;
				ENABLE_STRICT_OBJC_MSGSEND = YES;
				ENABLE_USER_SCRIPT_SANDBOXING = YES;
				GCC_C_LANGUAGE_STANDARD = gnu17;
				GCC_NO_COMMON_BLOCKS = YES;
				GCC_WARN_64_TO_32_BIT_CONVERSION = YES;
				GCC_WARN_ABOUT_RETURN_TYPE = YES_ERROR;
				GCC_WARN_UNDECLARED_SELECTOR = YES;
				GCC_WARN_UNINITIALIZED_AUTOS = YES_AGGRESSIVE;
				GCC_WARN_UNUSED_FUNCTION = YES;
				GCC_WARN_UNUSED_VARIABLE = YES;
				IPHONEOS_DEPLOYMENT_TARGET = 17.5;
				LOCALIZATION_PREFERS_STRING_CATALOGS = YES;
				MTL_ENABLE_DEBUG_INFO = NO;
				MTL_FAST_MATH = YES;
				SDKROOT = iphoneos;
				SWIFT_COMPILATION_MODE = wholemodule;
				VALIDATE_PRODUCT = YES;
			};
			name = Release;
		};
		FA1011592C61849900D1F3C7 /* Debug */ = {
			isa = XCBuildConfiguration;
			buildSettings = {
				ALWAYS_EMBED_SWIFT_STANDARD_LIBRARIES = YES;
				ASSETCATALOG_COMPILER_APPICON_NAME = AppIcon;
				ASSETCATALOG_COMPILER_GLOBAL_ACCENT_COLOR_NAME = AccentColor;
				CODE_SIGN_STYLE = Automatic;
				CURRENT_PROJECT_VERSION = 1;
				DEVELOPMENT_ASSET_PATHS = "\"BasketApp/Preview Content\"";
				DEVELOPMENT_TEAM = X9T89P638N;
				ENABLE_PREVIEWS = YES;
				GENERATE_INFOPLIST_FILE = YES;
				INFOPLIST_KEY_UIApplicationSceneManifest_Generation = YES;
				INFOPLIST_KEY_UIApplicationSupportsIndirectInputEvents = YES;
				INFOPLIST_KEY_UILaunchScreen_Generation = YES;
				INFOPLIST_KEY_UISupportedInterfaceOrientations = UIInterfaceOrientationPortrait;
				INFOPLIST_KEY_UISupportedInterfaceOrientations_iPad = "UIInterfaceOrientationLandscapeLeft UIInterfaceOrientationLandscapeRight UIInterfaceOrientationPortrait UIInterfaceOrientationPortraitUpsideDown";
				IPHONEOS_DEPLOYMENT_TARGET = 16.0;
				LD_RUNPATH_SEARCH_PATHS = (
					"$(inherited)",
					"@executable_path/Frameworks",
				);
				MARKETING_VERSION = 1.0;
				PRODUCT_BUNDLE_IDENTIFIER = "Azizbek-Dev.BasketApp";
				PRODUCT_NAME = "$(TARGET_NAME)";
				SUPPORTED_PLATFORMS = "iphoneos iphonesimulator";
				SUPPORTS_MACCATALYST = NO;
				SUPPORTS_MAC_DESIGNED_FOR_IPHONE_IPAD = NO;
				SUPPORTS_XR_DESIGNED_FOR_IPHONE_IPAD = NO;
				SWIFT_EMIT_LOC_STRINGS = YES;
				SWIFT_VERSION = 5.0;
				TARGETED_DEVICE_FAMILY = 1;
			};
			name = Debug;
		};
		FA10115A2C61849900D1F3C7 /* Release */ = {
			isa = XCBuildConfiguration;
			buildSettings = {
				ALWAYS_EMBED_SWIFT_STANDARD_LIBRARIES = YES;
				ASSETCATALOG_COMPILER_APPICON_NAME = AppIcon;
				ASSETCATALOG_COMPILER_GLOBAL_ACCENT_COLOR_NAME = AccentColor;
				CODE_SIGN_STYLE = Automatic;
				CURRENT_PROJECT_VERSION = 1;
				DEVELOPMENT_ASSET_PATHS = "\"BasketApp/Preview Content\"";
				DEVELOPMENT_TEAM = X9T89P638N;
				ENABLE_PREVIEWS = YES;
				GENERATE_INFOPLIST_FILE = YES;
				INFOPLIST_KEY_UIApplicationSceneManifest_Generation = YES;
				INFOPLIST_KEY_UIApplicationSupportsIndirectInputEvents = YES;
				INFOPLIST_KEY_UILaunchScreen_Generation = YES;
				INFOPLIST_KEY_UISupportedInterfaceOrientations = UIInterfaceOrientationPortrait;
				INFOPLIST_KEY_UISupportedInterfaceOrientations_iPad = "UIInterfaceOrientationLandscapeLeft UIInterfaceOrientationLandscapeRight UIInterfaceOrientationPortrait UIInterfaceOrientationPortraitUpsideDown";
				IPHONEOS_DEPLOYMENT_TARGET = 16.0;
				LD_RUNPATH_SEARCH_PATHS = (
					"$(inherited)",
					"@executable_path/Frameworks",
				);
				MARKETING_VERSION = 1.0;
				PRODUCT_BUNDLE_IDENTIFIER = "Azizbek-Dev.BasketApp";
				PRODUCT_NAME = "$(TARGET_NAME)";
				SUPPORTED_PLATFORMS = "iphoneos iphonesimulator";
				SUPPORTS_MACCATALYST = NO;
				SUPPORTS_MAC_DESIGNED_FOR_IPHONE_IPAD = NO;
				SUPPORTS_XR_DESIGNED_FOR_IPHONE_IPAD = NO;
				SWIFT_EMIT_LOC_STRINGS = YES;
				SWIFT_VERSION = 5.0;
				TARGETED_DEVICE_FAMILY = 1;
			};
			name = Release;
		};
		FACFFE8F2C79204C004DB95E /* Debug */ = {
			isa = XCBuildConfiguration;
			buildSettings = {
				BUILD_LIBRARY_FOR_DISTRIBUTION = YES;
				CLANG_ENABLE_MODULES = YES;
				CODE_SIGN_STYLE = Automatic;
				CURRENT_PROJECT_VERSION = 1;
				DEFINES_MODULE = YES;
				DEVELOPMENT_TEAM = X9T89P638N;
				DYLIB_COMPATIBILITY_VERSION = 1;
				DYLIB_CURRENT_VERSION = 1;
				DYLIB_INSTALL_NAME_BASE = "@rpath";
				ENABLE_MODULE_VERIFIER = YES;
				GENERATE_INFOPLIST_FILE = YES;
				INFOPLIST_KEY_NSHumanReadableCopyright = "";
				INSTALL_PATH = "$(LOCAL_LIBRARY_DIR)/Frameworks";
				IPHONEOS_DEPLOYMENT_TARGET = 16.0;
				LD_RUNPATH_SEARCH_PATHS = (
					"$(inherited)",
					"@executable_path/Frameworks",
					"@loader_path/Frameworks",
				);
				MARKETING_VERSION = 1.0;
				MODULE_VERIFIER_SUPPORTED_LANGUAGES = "objective-c objective-c++";
				MODULE_VERIFIER_SUPPORTED_LANGUAGE_STANDARDS = "gnu17 gnu++20";
				PRODUCT_BUNDLE_IDENTIFIER = "Azizbek-Dev.Perfetto.Basket";
				PRODUCT_NAME = "$(TARGET_NAME:c99extidentifier)";
				SKIP_INSTALL = YES;
				SUPPORTED_PLATFORMS = "iphoneos iphonesimulator";
				SUPPORTS_MACCATALYST = NO;
				SUPPORTS_MAC_DESIGNED_FOR_IPHONE_IPAD = NO;
				SUPPORTS_XR_DESIGNED_FOR_IPHONE_IPAD = NO;
				SWIFT_EMIT_LOC_STRINGS = YES;
				SWIFT_INSTALL_OBJC_HEADER = NO;
				SWIFT_OPTIMIZATION_LEVEL = "-Onone";
				SWIFT_VERSION = 5.0;
				TARGETED_DEVICE_FAMILY = 1;
				VERSIONING_SYSTEM = "apple-generic";
				VERSION_INFO_PREFIX = "";
			};
			name = Debug;
		};
		FACFFE902C79204C004DB95E /* Release */ = {
			isa = XCBuildConfiguration;
			buildSettings = {
				BUILD_LIBRARY_FOR_DISTRIBUTION = YES;
				CLANG_ENABLE_MODULES = YES;
				CODE_SIGN_STYLE = Automatic;
				CURRENT_PROJECT_VERSION = 1;
				DEFINES_MODULE = YES;
				DEVELOPMENT_TEAM = X9T89P638N;
				DYLIB_COMPATIBILITY_VERSION = 1;
				DYLIB_CURRENT_VERSION = 1;
				DYLIB_INSTALL_NAME_BASE = "@rpath";
				ENABLE_MODULE_VERIFIER = YES;
				GENERATE_INFOPLIST_FILE = YES;
				INFOPLIST_KEY_NSHumanReadableCopyright = "";
				INSTALL_PATH = "$(LOCAL_LIBRARY_DIR)/Frameworks";
				IPHONEOS_DEPLOYMENT_TARGET = 16.0;
				LD_RUNPATH_SEARCH_PATHS = (
					"$(inherited)",
					"@executable_path/Frameworks",
					"@loader_path/Frameworks",
				);
				MARKETING_VERSION = 1.0;
				MODULE_VERIFIER_SUPPORTED_LANGUAGES = "objective-c objective-c++";
				MODULE_VERIFIER_SUPPORTED_LANGUAGE_STANDARDS = "gnu17 gnu++20";
				PRODUCT_BUNDLE_IDENTIFIER = "Azizbek-Dev.Perfetto.Basket";
				PRODUCT_NAME = "$(TARGET_NAME:c99extidentifier)";
				SKIP_INSTALL = YES;
				SUPPORTED_PLATFORMS = "iphoneos iphonesimulator";
				SUPPORTS_MACCATALYST = NO;
				SUPPORTS_MAC_DESIGNED_FOR_IPHONE_IPAD = NO;
				SUPPORTS_XR_DESIGNED_FOR_IPHONE_IPAD = NO;
				SWIFT_EMIT_LOC_STRINGS = YES;
				SWIFT_INSTALL_OBJC_HEADER = NO;
				SWIFT_VERSION = 5.0;
				TARGETED_DEVICE_FAMILY = 1;
				VERSIONING_SYSTEM = "apple-generic";
				VERSION_INFO_PREFIX = "";
			};
			name = Release;
		};
/* End XCBuildConfiguration section */

/* Begin XCConfigurationList section */
		FA1011452C61849700D1F3C7 /* Build configuration list for PBXProject "BasketApp" */ = {
			isa = XCConfigurationList;
			buildConfigurations = (
				FA1011562C61849900D1F3C7 /* Debug */,
				FA1011572C61849900D1F3C7 /* Release */,
			);
			defaultConfigurationIsVisible = 0;
			defaultConfigurationName = Release;
		};
		FA1011582C61849900D1F3C7 /* Build configuration list for PBXNativeTarget "BasketApp" */ = {
			isa = XCConfigurationList;
			buildConfigurations = (
				FA1011592C61849900D1F3C7 /* Debug */,
				FA10115A2C61849900D1F3C7 /* Release */,
			);
			defaultConfigurationIsVisible = 0;
			defaultConfigurationName = Release;
		};
		FACFFE912C79204C004DB95E /* Build configuration list for PBXNativeTarget "Basket" */ = {
			isa = XCConfigurationList;
			buildConfigurations = (
				FACFFE8F2C79204C004DB95E /* Debug */,
				FACFFE902C79204C004DB95E /* Release */,
			);
			defaultConfigurationIsVisible = 0;
			defaultConfigurationName = Release;
		};
/* End XCConfigurationList section */
	};
	rootObject = FA1011422C61849700D1F3C7 /* Project object */;
}
